// !$*UTF8*$!
{
	archiveVersion = 1;
	classes = {
	};
	objectVersion = 56;
	objects = {

/* Begin PBXBuildFile section */
		7575976B2A28B95100B675A0 /* MainTabbarViewController.swift in Sources */ = {isa = PBXBuildFile; fileRef = 7575976A2A28B95100B675A0 /* MainTabbarViewController.swift */; };
		7575976D2A28B99000B675A0 /* ProfileViewController.swift in Sources */ = {isa = PBXBuildFile; fileRef = 7575976C2A28B99000B675A0 /* ProfileViewController.swift */; };
		7575976F2A28BADC00B675A0 /* SearchViewController.swift in Sources */ = {isa = PBXBuildFile; fileRef = 7575976E2A28BADC00B675A0 /* SearchViewController.swift */; };
		757597722A28BC3200B675A0 /* HomeTableViewCell.swift in Sources */ = {isa = PBXBuildFile; fileRef = 757597712A28BC3200B675A0 /* HomeTableViewCell.swift */; };
		75B5839C2A27F62300BF7A69 /* AppDelegate.swift in Sources */ = {isa = PBXBuildFile; fileRef = 75B5839B2A27F62300BF7A69 /* AppDelegate.swift */; };
		75B5839E2A27F62300BF7A69 /* SceneDelegate.swift in Sources */ = {isa = PBXBuildFile; fileRef = 75B5839D2A27F62300BF7A69 /* SceneDelegate.swift */; };
		75B583A02A27F62300BF7A69 /* HomeViewController.swift in Sources */ = {isa = PBXBuildFile; fileRef = 75B5839F2A27F62300BF7A69 /* HomeViewController.swift */; };
		75B583A52A27F62300BF7A69 /* Assets.xcassets in Resources */ = {isa = PBXBuildFile; fileRef = 75B583A42A27F62300BF7A69 /* Assets.xcassets */; };
		75B583A82A27F62300BF7A69 /* LaunchScreen.storyboard in Resources */ = {isa = PBXBuildFile; fileRef = 75B583A62A27F62300BF7A69 /* LaunchScreen.storyboard */; };
		75B583B12A27F77900BF7A69 /* Alamofire in Frameworks */ = {isa = PBXBuildFile; productRef = 75B583B02A27F77900BF7A69 /* Alamofire */; };
		75B583B42A27F7AE00BF7A69 /* APIHandler.swift in Sources */ = {isa = PBXBuildFile; fileRef = 75B583B32A27F7AE00BF7A69 /* APIHandler.swift */; };
		75B583B82A27FB3800BF7A69 /* Constants.swift in Sources */ = {isa = PBXBuildFile; fileRef = 75B583B72A27FB3800BF7A69 /* Constants.swift */; };
		75F12C972A28D9EB002B3BC8 /* CharacterModel.swift in Sources */ = {isa = PBXBuildFile; fileRef = 75F12C962A28D9EB002B3BC8 /* CharacterModel.swift */; };
/* End PBXBuildFile section */

/* Begin PBXFileReference section */
		7575976A2A28B95100B675A0 /* MainTabbarViewController.swift */ = {isa = PBXFileReference; lastKnownFileType = sourcecode.swift; path = MainTabbarViewController.swift; sourceTree = "<group>"; };
		7575976C2A28B99000B675A0 /* ProfileViewController.swift */ = {isa = PBXFileReference; lastKnownFileType = sourcecode.swift; path = ProfileViewController.swift; sourceTree = "<group>"; };
		7575976E2A28BADC00B675A0 /* SearchViewController.swift */ = {isa = PBXFileReference; lastKnownFileType = sourcecode.swift; path = SearchViewController.swift; sourceTree = "<group>"; };
		757597712A28BC3200B675A0 /* HomeTableViewCell.swift */ = {isa = PBXFileReference; lastKnownFileType = sourcecode.swift; path = HomeTableViewCell.swift; sourceTree = "<group>"; };
		75B583982A27F62300BF7A69 /* RickAndMortyAlamofire.app */ = {isa = PBXFileReference; explicitFileType = wrapper.application; includeInIndex = 0; path = RickAndMortyAlamofire.app; sourceTree = BUILT_PRODUCTS_DIR; };
		75B5839B2A27F62300BF7A69 /* AppDelegate.swift */ = {isa = PBXFileReference; lastKnownFileType = sourcecode.swift; path = AppDelegate.swift; sourceTree = "<group>"; };
		75B5839D2A27F62300BF7A69 /* SceneDelegate.swift */ = {isa = PBXFileReference; lastKnownFileType = sourcecode.swift; path = SceneDelegate.swift; sourceTree = "<group>"; };
		75B5839F2A27F62300BF7A69 /* HomeViewController.swift */ = {isa = PBXFileReference; lastKnownFileType = sourcecode.swift; path = HomeViewController.swift; sourceTree = "<group>"; };
		75B583A42A27F62300BF7A69 /* Assets.xcassets */ = {isa = PBXFileReference; lastKnownFileType = folder.assetcatalog; path = Assets.xcassets; sourceTree = "<group>"; };
		75B583A72A27F62300BF7A69 /* Base */ = {isa = PBXFileReference; lastKnownFileType = file.storyboard; name = Base; path = Base.lproj/LaunchScreen.storyboard; sourceTree = "<group>"; };
		75B583A92A27F62300BF7A69 /* Info.plist */ = {isa = PBXFileReference; lastKnownFileType = text.plist.xml; path = Info.plist; sourceTree = "<group>"; };
		75B583B32A27F7AE00BF7A69 /* APIHandler.swift */ = {isa = PBXFileReference; lastKnownFileType = sourcecode.swift; path = APIHandler.swift; sourceTree = "<group>"; };
		75B583B72A27FB3800BF7A69 /* Constants.swift */ = {isa = PBXFileReference; lastKnownFileType = sourcecode.swift; path = Constants.swift; sourceTree = "<group>"; };
		75F12C962A28D9EB002B3BC8 /* CharacterModel.swift */ = {isa = PBXFileReference; lastKnownFileType = sourcecode.swift; path = CharacterModel.swift; sourceTree = "<group>"; };
/* End PBXFileReference section */

/* Begin PBXFrameworksBuildPhase section */
		75B583952A27F62300BF7A69 /* Frameworks */ = {
			isa = PBXFrameworksBuildPhase;
			buildActionMask = 2147483647;
			files = (
				75B583B12A27F77900BF7A69 /* Alamofire in Frameworks */,
			);
			runOnlyForDeploymentPostprocessing = 0;
		};
/* End PBXFrameworksBuildPhase section */

/* Begin PBXGroup section */
		757597702A28BC1300B675A0 /* Views */ = {
			isa = PBXGroup;
			children = (
				757597712A28BC3200B675A0 /* HomeTableViewCell.swift */,
			);
			path = Views;
			sourceTree = "<group>";
		};
		75B5838F2A27F62200BF7A69 = {
			isa = PBXGroup;
			children = (
				75B5839A2A27F62300BF7A69 /* RickAndMortyAlamofire */,
				75B583992A27F62300BF7A69 /* Products */,
			);
			sourceTree = "<group>";
		};
		75B583992A27F62300BF7A69 /* Products */ = {
			isa = PBXGroup;
			children = (
				75B583982A27F62300BF7A69 /* RickAndMortyAlamofire.app */,
			);
			name = Products;
			sourceTree = "<group>";
		};
		75B5839A2A27F62300BF7A69 /* RickAndMortyAlamofire */ = {
			isa = PBXGroup;
			children = (
				75B5839B2A27F62300BF7A69 /* AppDelegate.swift */,
				75B5839D2A27F62300BF7A69 /* SceneDelegate.swift */,
				75F12C952A28D9DD002B3BC8 /* Model */,
				757597702A28BC1300B675A0 /* Views */,
				75B583B52A27F7B200BF7A69 /* ViewControllers */,
				75B583B22A27F79E00BF7A69 /* Managers */,
				75B583B62A27FB3000BF7A69 /* Helpers */,
				75B583A42A27F62300BF7A69 /* Assets.xcassets */,
				75B583A62A27F62300BF7A69 /* LaunchScreen.storyboard */,
				75B583A92A27F62300BF7A69 /* Info.plist */,
			);
			path = RickAndMortyAlamofire;
			sourceTree = "<group>";
		};
		75B583B22A27F79E00BF7A69 /* Managers */ = {
			isa = PBXGroup;
			children = (
				75B583B32A27F7AE00BF7A69 /* APIHandler.swift */,
			);
			path = Managers;
			sourceTree = "<group>";
		};
		75B583B52A27F7B200BF7A69 /* ViewControllers */ = {
			isa = PBXGroup;
			children = (
				7575976A2A28B95100B675A0 /* MainTabbarViewController.swift */,
				75B5839F2A27F62300BF7A69 /* HomeViewController.swift */,
				7575976C2A28B99000B675A0 /* ProfileViewController.swift */,
				7575976E2A28BADC00B675A0 /* SearchViewController.swift */,
			);
			path = ViewControllers;
			sourceTree = "<group>";
		};
		75B583B62A27FB3000BF7A69 /* Helpers */ = {
			isa = PBXGroup;
			children = (
				75B583B72A27FB3800BF7A69 /* Constants.swift */,
			);
			path = Helpers;
			sourceTree = "<group>";
		};
		75F12C952A28D9DD002B3BC8 /* Model */ = {
			isa = PBXGroup;
			children = (
				75F12C962A28D9EB002B3BC8 /* CharacterModel.swift */,
			);
			path = Model;
			sourceTree = "<group>";
		};
/* End PBXGroup section */

/* Begin PBXNativeTarget section */
		75B583972A27F62300BF7A69 /* RickAndMortyAlamofire */ = {
			isa = PBXNativeTarget;
			buildConfigurationList = 75B583AC2A27F62300BF7A69 /* Build configuration list for PBXNativeTarget "RickAndMortyAlamofire" */;
			buildPhases = (
				75B583942A27F62300BF7A69 /* Sources */,
				75B583952A27F62300BF7A69 /* Frameworks */,
				75B583962A27F62300BF7A69 /* Resources */,
			);
			buildRules = (
			);
			dependencies = (
			);
			name = RickAndMortyAlamofire;
			packageProductDependencies = (
				75B583B02A27F77900BF7A69 /* Alamofire */,
			);
			productName = RickAndMortyAlamofire;
			productReference = 75B583982A27F62300BF7A69 /* RickAndMortyAlamofire.app */;
			productType = "com.apple.product-type.application";
		};
/* End PBXNativeTarget section */

/* Begin PBXProject section */
		75B583902A27F62200BF7A69 /* Project object */ = {
			isa = PBXProject;
			attributes = {
				BuildIndependentTargetsInParallel = 1;
				LastSwiftUpdateCheck = 1430;
				LastUpgradeCheck = 1430;
				TargetAttributes = {
					75B583972A27F62300BF7A69 = {
						CreatedOnToolsVersion = 14.3;
					};
				};
			};
			buildConfigurationList = 75B583932A27F62200BF7A69 /* Build configuration list for PBXProject "RickAndMortyAlamofire" */;
			compatibilityVersion = "Xcode 14.0";
			developmentRegion = en;
			hasScannedForEncodings = 0;
			knownRegions = (
				en,
				Base,
			);
			mainGroup = 75B5838F2A27F62200BF7A69;
			packageReferences = (
				75B583AF2A27F77800BF7A69 /* XCRemoteSwiftPackageReference "Alamofire" */,
			);
			productRefGroup = 75B583992A27F62300BF7A69 /* Products */;
			projectDirPath = "";
			projectRoot = "";
			targets = (
				75B583972A27F62300BF7A69 /* RickAndMortyAlamofire */,
			);
		};
/* End PBXProject section */

/* Begin PBXResourcesBuildPhase section */
		75B583962A27F62300BF7A69 /* Resources */ = {
			isa = PBXResourcesBuildPhase;
			buildActionMask = 2147483647;
			files = (
				75B583A82A27F62300BF7A69 /* LaunchScreen.storyboard in Resources */,
				75B583A52A27F62300BF7A69 /* Assets.xcassets in Resources */,
			);
			runOnlyForDeploymentPostprocessing = 0;
		};
/* End PBXResourcesBuildPhase section */

/* Begin PBXSourcesBuildPhase section */
		75B583942A27F62300BF7A69 /* Sources */ = {
			isa = PBXSourcesBuildPhase;
			buildActionMask = 2147483647;
			files = (
				75B583B82A27FB3800BF7A69 /* Constants.swift in Sources */,
				75F12C972A28D9EB002B3BC8 /* CharacterModel.swift in Sources */,
				75B583A02A27F62300BF7A69 /* HomeViewController.swift in Sources */,
				7575976F2A28BADC00B675A0 /* SearchViewController.swift in Sources */,
				75B5839C2A27F62300BF7A69 /* AppDelegate.swift in Sources */,
				7575976B2A28B95100B675A0 /* MainTabbarViewController.swift in Sources */,
				7575976D2A28B99000B675A0 /* ProfileViewController.swift in Sources */,
				757597722A28BC3200B675A0 /* HomeTableViewCell.swift in Sources */,
				75B5839E2A27F62300BF7A69 /* SceneDelegate.swift in Sources */,
				75B583B42A27F7AE00BF7A69 /* APIHandler.swift in Sources */,
			);
			runOnlyForDeploymentPostprocessing = 0;
		};
/* End PBXSourcesBuildPhase section */

/* Begin PBXVariantGroup section */
		75B583A62A27F62300BF7A69 /* LaunchScreen.storyboard */ = {
			isa = PBXVariantGroup;
			children = (
				75B583A72A27F62300BF7A69 /* Base */,
			);
			name = LaunchScreen.storyboard;
			sourceTree = "<group>";
		};
/* End PBXVariantGroup section */

/* Begin XCBuildConfiguration section */
		75B583AA2A27F62300BF7A69 /* Debug */ = {
			isa = XCBuildConfiguration;
			buildSettings = {
				ALWAYS_SEARCH_USER_PATHS = NO;
				CLANG_ANALYZER_NONNULL = YES;
				CLANG_ANALYZER_NUMBER_OBJECT_CONVERSION = YES_AGGRESSIVE;
				CLANG_CXX_LANGUAGE_STANDARD = "gnu++20";
				CLANG_ENABLE_MODULES = YES;
				CLANG_ENABLE_OBJC_ARC = YES;
				CLANG_ENABLE_OBJC_WEAK = YES;
				CLANG_WARN_BLOCK_CAPTURE_AUTORELEASING = YES;
				CLANG_WARN_BOOL_CONVERSION = YES;
				CLANG_WARN_COMMA = YES;
				CLANG_WARN_CONSTANT_CONVERSION = YES;
				CLANG_WARN_DEPRECATED_OBJC_IMPLEMENTATIONS = YES;
				CLANG_WARN_DIRECT_OBJC_ISA_USAGE = YES_ERROR;
				CLANG_WARN_DOCUMENTATION_COMMENTS = YES;
				CLANG_WARN_EMPTY_BODY = YES;
				CLANG_WARN_ENUM_CONVERSION = YES;
				CLANG_WARN_INFINITE_RECURSION = YES;
				CLANG_WARN_INT_CONVERSION = YES;
				CLANG_WARN_NON_LITERAL_NULL_CONVERSION = YES;
				CLANG_WARN_OBJC_IMPLICIT_RETAIN_SELF = YES;
				CLANG_WARN_OBJC_LITERAL_CONVERSION = YES;
				CLANG_WARN_OBJC_ROOT_CLASS = YES_ERROR;
				CLANG_WARN_QUOTED_INCLUDE_IN_FRAMEWORK_HEADER = YES;
				CLANG_WARN_RANGE_LOOP_ANALYSIS = YES;
				CLANG_WARN_STRICT_PROTOTYPES = YES;
				CLANG_WARN_SUSPICIOUS_MOVE = YES;
				CLANG_WARN_UNGUARDED_AVAILABILITY = YES_AGGRESSIVE;
				CLANG_WARN_UNREACHABLE_CODE = YES;
				CLANG_WARN__DUPLICATE_METHOD_MATCH = YES;
				COPY_PHASE_STRIP = NO;
				DEBUG_INFORMATION_FORMAT = dwarf;
				ENABLE_STRICT_OBJC_MSGSEND = YES;
				ENABLE_TESTABILITY = YES;
				GCC_C_LANGUAGE_STANDARD = gnu11;
				GCC_DYNAMIC_NO_PIC = NO;
				GCC_NO_COMMON_BLOCKS = YES;
				GCC_OPTIMIZATION_LEVEL = 0;
				GCC_PREPROCESSOR_DEFINITIONS = (
					"DEBUG=1",
					"$(inherited)",
				);
				GCC_WARN_64_TO_32_BIT_CONVERSION = YES;
				GCC_WARN_ABOUT_RETURN_TYPE = YES_ERROR;
				GCC_WARN_UNDECLARED_SELECTOR = YES;
				GCC_WARN_UNINITIALIZED_AUTOS = YES_AGGRESSIVE;
				GCC_WARN_UNUSED_FUNCTION = YES;
				GCC_WARN_UNUSED_VARIABLE = YES;
				IPHONEOS_DEPLOYMENT_TARGET = 16.4;
				MTL_ENABLE_DEBUG_INFO = INCLUDE_SOURCE;
				MTL_FAST_MATH = YES;
				ONLY_ACTIVE_ARCH = YES;
				SDKROOT = iphoneos;
				SWIFT_ACTIVE_COMPILATION_CONDITIONS = DEBUG;
				SWIFT_OPTIMIZATION_LEVEL = "-Onone";
			};
			name = Debug;
		};
		75B583AB2A27F62300BF7A69 /* Release */ = {
			isa = XCBuildConfiguration;
			buildSettings = {
				ALWAYS_SEARCH_USER_PATHS = NO;
				CLANG_ANALYZER_NONNULL = YES;
				CLANG_ANALYZER_NUMBER_OBJECT_CONVERSION = YES_AGGRESSIVE;
				CLANG_CXX_LANGUAGE_STANDARD = "gnu++20";
				CLANG_ENABLE_MODULES = YES;
				CLANG_ENABLE_OBJC_ARC = YES;
				CLANG_ENABLE_OBJC_WEAK = YES;
				CLANG_WARN_BLOCK_CAPTURE_AUTORELEASING = YES;
				CLANG_WARN_BOOL_CONVERSION = YES;
				CLANG_WARN_COMMA = YES;
				CLANG_WARN_CONSTANT_CONVERSION = YES;
				CLANG_WARN_DEPRECATED_OBJC_IMPLEMENTATIONS = YES;
				CLANG_WARN_DIRECT_OBJC_ISA_USAGE = YES_ERROR;
				CLANG_WARN_DOCUMENTATION_COMMENTS = YES;
				CLANG_WARN_EMPTY_BODY = YES;
				CLANG_WARN_ENUM_CONVERSION = YES;
				CLANG_WARN_INFINITE_RECURSION = YES;
				CLANG_WARN_INT_CONVERSION = YES;
				CLANG_WARN_NON_LITERAL_NULL_CONVERSION = YES;
				CLANG_WARN_OBJC_IMPLICIT_RETAIN_SELF = YES;
				CLANG_WARN_OBJC_LITERAL_CONVERSION = YES;
				CLANG_WARN_OBJC_ROOT_CLASS = YES_ERROR;
				CLANG_WARN_QUOTED_INCLUDE_IN_FRAMEWORK_HEADER = YES;
				CLANG_WARN_RANGE_LOOP_ANALYSIS = YES;
				CLANG_WARN_STRICT_PROTOTYPES = YES;
				CLANG_WARN_SUSPICIOUS_MOVE = YES;
				CLANG_WARN_UNGUARDED_AVAILABILITY = YES_AGGRESSIVE;
				CLANG_WARN_UNREACHABLE_CODE = YES;
				CLANG_WARN__DUPLICATE_METHOD_MATCH = YES;
				COPY_PHASE_STRIP = NO;
				DEBUG_INFORMATION_FORMAT = "dwarf-with-dsym";
				ENABLE_NS_ASSERTIONS = NO;
				ENABLE_STRICT_OBJC_MSGSEND = YES;
				GCC_C_LANGUAGE_STANDARD = gnu11;
				GCC_NO_COMMON_BLOCKS = YES;
				GCC_WARN_64_TO_32_BIT_CONVERSION = YES;
				GCC_WARN_ABOUT_RETURN_TYPE = YES_ERROR;
				GCC_WARN_UNDECLARED_SELECTOR = YES;
				GCC_WARN_UNINITIALIZED_AUTOS = YES_AGGRESSIVE;
				GCC_WARN_UNUSED_FUNCTION = YES;
				GCC_WARN_UNUSED_VARIABLE = YES;
				IPHONEOS_DEPLOYMENT_TARGET = 16.4;
				MTL_ENABLE_DEBUG_INFO = NO;
				MTL_FAST_MATH = YES;
				SDKROOT = iphoneos;
				SWIFT_COMPILATION_MODE = wholemodule;
				SWIFT_OPTIMIZATION_LEVEL = "-O";
				VALIDATE_PRODUCT = YES;
			};
			name = Release;
		};
		75B583AD2A27F62300BF7A69 /* Debug */ = {
			isa = XCBuildConfiguration;
			buildSettings = {
				ASSETCATALOG_COMPILER_APPICON_NAME = AppIcon;
				ASSETCATALOG_COMPILER_GLOBAL_ACCENT_COLOR_NAME = AccentColor;
				CODE_SIGN_STYLE = Automatic;
				CURRENT_PROJECT_VERSION = 1;
				DEVELOPMENT_TEAM = QP4938RZX5;
				GENERATE_INFOPLIST_FILE = YES;
				INFOPLIST_FILE = RickAndMortyAlamofire/Info.plist;
				INFOPLIST_KEY_UIApplicationSupportsIndirectInputEvents = YES;
				INFOPLIST_KEY_UILaunchStoryboardName = LaunchScreen;
				INFOPLIST_KEY_UISupportedInterfaceOrientations_iPad = "UIInterfaceOrientationPortrait UIInterfaceOrientationPortraitUpsideDown UIInterfaceOrientationLandscapeLeft UIInterfaceOrientationLandscapeRight";
				INFOPLIST_KEY_UISupportedInterfaceOrientations_iPhone = "UIInterfaceOrientationPortrait UIInterfaceOrientationLandscapeLeft UIInterfaceOrientationLandscapeRight";
				LD_RUNPATH_SEARCH_PATHS = (
					"$(inherited)",
					"@executable_path/Frameworks",
				);
				MARKETING_VERSION = 1.0;
				PRODUCT_BUNDLE_IDENTIFIER = SerdarOnurKaradag.RickAndMortyAlamofire;
				PRODUCT_NAME = "$(TARGET_NAME)";
				SWIFT_EMIT_LOC_STRINGS = YES;
				SWIFT_VERSION = 5.0;
				TARGETED_DEVICE_FAMILY = "1,2";
			};
			name = Debug;
		};
		75B583AE2A27F62300BF7A69 /* Release */ = {
			isa = XCBuildConfiguration;
			buildSettings = {
				ASSETCATALOG_COMPILER_APPICON_NAME = AppIcon;
				ASSETCATALOG_COMPILER_GLOBAL_ACCENT_COLOR_NAME = AccentColor;
				CODE_SIGN_STYLE = Automatic;
				CURRENT_PROJECT_VERSION = 1;
				DEVELOPMENT_TEAM = QP4938RZX5;
				GENERATE_INFOPLIST_FILE = YES;
				INFOPLIST_FILE = RickAndMortyAlamofire/Info.plist;
				INFOPLIST_KEY_UIApplicationSupportsIndirectInputEvents = YES;
				INFOPLIST_KEY_UILaunchStoryboardName = LaunchScreen;
				INFOPLIST_KEY_UISupportedInterfaceOrientations_iPad = "UIInterfaceOrientationPortrait UIInterfaceOrientationPortraitUpsideDown UIInterfaceOrientationLandscapeLeft UIInterfaceOrientationLandscapeRight";
				INFOPLIST_KEY_UISupportedInterfaceOrientations_iPhone = "UIInterfaceOrientationPortrait UIInterfaceOrientationLandscapeLeft UIInterfaceOrientationLandscapeRight";
				LD_RUNPATH_SEARCH_PATHS = (
					"$(inherited)",
					"@executable_path/Frameworks",
				);
				MARKETING_VERSION = 1.0;
				PRODUCT_BUNDLE_IDENTIFIER = SerdarOnurKaradag.RickAndMortyAlamofire;
				PRODUCT_NAME = "$(TARGET_NAME)";
				SWIFT_EMIT_LOC_STRINGS = YES;
				SWIFT_VERSION = 5.0;
				TARGETED_DEVICE_FAMILY = "1,2";
			};
			name = Release;
		};
/* End XCBuildConfiguration section */

/* Begin XCConfigurationList section */
		75B583932A27F62200BF7A69 /* Build configuration list for PBXProject "RickAndMortyAlamofire" */ = {
			isa = XCConfigurationList;
			buildConfigurations = (
				75B583AA2A27F62300BF7A69 /* Debug */,
				75B583AB2A27F62300BF7A69 /* Release */,
			);
			defaultConfigurationIsVisible = 0;
			defaultConfigurationName = Release;
		};
		75B583AC2A27F62300BF7A69 /* Build configuration list for PBXNativeTarget "RickAndMortyAlamofire" */ = {
			isa = XCConfigurationList;
			buildConfigurations = (
				75B583AD2A27F62300BF7A69 /* Debug */,
				75B583AE2A27F62300BF7A69 /* Release */,
			);
			defaultConfigurationIsVisible = 0;
			defaultConfigurationName = Release;
		};
/* End XCConfigurationList section */

/* Begin XCRemoteSwiftPackageReference section */
		75B583AF2A27F77800BF7A69 /* XCRemoteSwiftPackageReference "Alamofire" */ = {
			isa = XCRemoteSwiftPackageReference;
			repositoryURL = "https://github.com/Alamofire/Alamofire.git";
			requirement = {
				kind = upToNextMajorVersion;
				minimumVersion = 5.0.0;
			};
		};
/* End XCRemoteSwiftPackageReference section */

/* Begin XCSwiftPackageProductDependency section */
		75B583B02A27F77900BF7A69 /* Alamofire */ = {
			isa = XCSwiftPackageProductDependency;
			package = 75B583AF2A27F77800BF7A69 /* XCRemoteSwiftPackageReference "Alamofire" */;
			productName = Alamofire;
		};
/* End XCSwiftPackageProductDependency section */
	};
	rootObject = 75B583902A27F62200BF7A69 /* Project object */;
}
